
Microsoft Visual Studio Solution File, Format Version 12.00
# Visual Studio Version 17
VisualStudioVersion = 17.13.35931.197 d17.13
MinimumVisualStudioVersion = 10.0.40219.1
Project("{FAE04EC0-301F-11D3-BF4B-00C04F79EFBC}") = "DemoWebAPI", "DemoWebAPI\DemoWebAPI.csproj", "{9DF2EB67-3B5A-4EF5-89DD-7EF3B69374DC}"
EndProject
Global
	GlobalSection(SolutionConfigurationPlatforms) = preSolution
		Debug|Any CPU = Debug|Any CPU
		Release|Any CPU = Release|Any CPU
	EndGlobalSection
	GlobalSection(ProjectConfigurationPlatforms) = postSolution
		{9DF2EB67-3B5A-4EF5-89DD-7EF3B69374DC}.Debug|Any CPU.ActiveCfg = Debug|Any CPU
		{9DF2EB67-3B5A-4EF5-89DD-7EF3B69374DC}.Debug|Any CPU.Build.0 = Debug|Any CPU
		{9DF2EB67-3B5A-4EF5-89DD-7EF3B69374DC}.Release|Any CPU.ActiveCfg = Release|Any CPU
		{9DF2EB67-3B5A-4EF5-89DD-7EF3B69374DC}.Release|Any CPU.Build.0 = Release|Any CPU
	EndGlobalSection
	GlobalSection(SolutionProperties) = preSolution
		HideSolutionNode = FALSE
	EndGlobalSection
	GlobalSection(ExtensibilityGlobals) = postSolution
		SolutionGuid = {26B3DAB4-3D81-426F-8ECB-4738074E57FF}
	EndGlobalSection
EndGlobal
